{
  "name": "crypto-wallet",
  "version": "0.0.1",
  "lockfileVersion": 1,
  "requires": true,
  "dependencies": {
    "ccxt": {
      "version": "1.52.72",
      "resolved": "https://registry.npmjs.org/ccxt/-/ccxt-1.52.72.tgz",
      "integrity": "sha512-GBWYkiGBzisssHjN/hydlnOEJthD60RUJZwLKaTDnOczjU7lSkw4m1ddbOnYWVfeakAHa/EwP+L5MY3huNcTKg=="
    },
    "typescript": {
      "version": "4.3.5",
      "resolved": "https://registry.npmjs.org/typescript/-/typescript-4.3.5.tgz",
      "integrity": "sha512-DqQgihaQ9cUrskJo9kIyW/+g0Vxsk8cDtZ52a3NGh0YNTfpUSArXSohyUGnvbPazEPLu398C0UxmKSOrPumUzA==",
      "dev": true
    }
  }
}
